
Microsoft Visual Studio Solution File, Format Version 12.00
# Visual Studio Version 17
VisualStudioVersion = 17.11.35219.272
MinimumVisualStudioVersion = 10.0.40219.1
Project("{FAE04EC0-301F-11D3-BF4B-00C04F79EFBC}") = "CMCS", "CMCS\CMCS.csproj", "{DDE1442A-8241-4673-B356-8DCD184E50A0}"
EndProject
Global
	GlobalSection(SolutionConfigurationPlatforms) = preSolution
		Debug|Any CPU = Debug|Any CPU
		Release|Any CPU = Release|Any CPU
	EndGlobalSection
	GlobalSection(ProjectConfigurationPlatforms) = postSolution
		{DDE1442A-8241-4673-B356-8DCD184E50A0}.Debug|Any CPU.ActiveCfg = Debug|Any CPU
		{DDE1442A-8241-4673-B356-8DCD184E50A0}.Debug|Any CPU.Build.0 = Debug|Any CPU
		{DDE1442A-8241-4673-B356-8DCD184E50A0}.Release|Any CPU.ActiveCfg = Release|Any CPU
		{DDE1442A-8241-4673-B356-8DCD184E50A0}.Release|Any CPU.Build.0 = Release|Any CPU
	EndGlobalSection
	GlobalSection(SolutionProperties) = preSolution
		HideSolutionNode = FALSE
	EndGlobalSection
	GlobalSection(ExtensibilityGlobals) = postSolution
		SolutionGuid = {23D73B38-EFA5-49C9-AF64-115F919E4D8B}
	EndGlobalSection
EndGlobal
